
Microsoft Visual Studio Solution File, Format Version 11.00
# Visual Studio 2010
Project("{FAE04EC0-301F-11D3-BF4B-00C04F79EFBC}") = "edgiexna", "edgiexna\edgiexna\edgiexna.csproj", "{DF5A926F-B8DF-4986-96E6-C613F3A427E0}"
EndProject
Project("{96E2B04D-8817-42C6-938A-82C39BA4D311}") = "edgiexnaContent", "edgiexna\edgiexnaContent\edgiexnaContent.contentproj", "{A7A23BB1-1417-4B96-8E41-B12223BAEAAA}"
EndProject
Global
	GlobalSection(SolutionConfigurationPlatforms) = preSolution
		Debug|x86 = Debug|x86
		Release|x86 = Release|x86
	EndGlobalSection
	GlobalSection(ProjectConfigurationPlatforms) = postSolution
		{DF5A926F-B8DF-4986-96E6-C613F3A427E0}.Debug|x86.ActiveCfg = Debug|x86
		{DF5A926F-B8DF-4986-96E6-C613F3A427E0}.Debug|x86.Build.0 = Debug|x86
		{DF5A926F-B8DF-4986-96E6-C613F3A427E0}.Release|x86.ActiveCfg = Release|x86
		{DF5A926F-B8DF-4986-96E6-C613F3A427E0}.Release|x86.Build.0 = Release|x86
		{A7A23BB1-1417-4B96-8E41-B12223BAEAAA}.Debug|x86.ActiveCfg = Debug|x86
		{A7A23BB1-1417-4B96-8E41-B12223BAEAAA}.Release|x86.ActiveCfg = Release|x86
	EndGlobalSection
	GlobalSection(SolutionProperties) = preSolution
		HideSolutionNode = FALSE
	EndGlobalSection
EndGlobal
